
Microsoft Visual Studio Solution File, Format Version 12.00
# Visual Studio 15
VisualStudioVersion = 15.0.27428.2011
MinimumVisualStudioVersion = 10.0.40219.1
Project("{FAE04EC0-301F-11D3-BF4B-00C04F79EFBC}") = "rrb3csharp", "rrb3csharp\rrb3csharp.csproj", "{5333C1D7-FCDC-41E6-969B-253AD77EF2CB}"
EndProject
Global
	GlobalSection(SolutionConfigurationPlatforms) = preSolution
		Debug|Any CPU = Debug|Any CPU
		Release|Any CPU = Release|Any CPU
	EndGlobalSection
	GlobalSection(ProjectConfigurationPlatforms) = postSolution
		{5333C1D7-FCDC-41E6-969B-253AD77EF2CB}.Debug|Any CPU.ActiveCfg = Debug|Any CPU
		{5333C1D7-FCDC-41E6-969B-253AD77EF2CB}.Debug|Any CPU.Build.0 = Debug|Any CPU
		{5333C1D7-FCDC-41E6-969B-253AD77EF2CB}.Release|Any CPU.ActiveCfg = Release|Any CPU
		{5333C1D7-FCDC-41E6-969B-253AD77EF2CB}.Release|Any CPU.Build.0 = Release|Any CPU
	EndGlobalSection
	GlobalSection(SolutionProperties) = preSolution
		HideSolutionNode = FALSE
	EndGlobalSection
	GlobalSection(ExtensibilityGlobals) = postSolution
		SolutionGuid = {C54EBFEC-B313-45AD-A448-1CFBF17CA2F8}
	EndGlobalSection
EndGlobal
